
Microsoft Visual Studio Solution File, Format Version 12.00
# Visual Studio Version 16
VisualStudioVersion = 16.0.30717.126
MinimumVisualStudioVersion = 10.0.40219.1
Project("{9A19103F-16F7-4668-BE54-9A1E7A4F7556}") = "Portfolio", "Portfolio\Portfolio.csproj", "{5B4E6A43-FC37-47F5-B0CA-0F0030A93C3B}"
EndProject
Global
	GlobalSection(SolutionConfigurationPlatforms) = preSolution
		Debug|Any CPU = Debug|Any CPU
		Release|Any CPU = Release|Any CPU
	EndGlobalSection
	GlobalSection(ProjectConfigurationPlatforms) = postSolution
		{5B4E6A43-FC37-47F5-B0CA-0F0030A93C3B}.Debug|Any CPU.ActiveCfg = Debug|Any CPU
		{5B4E6A43-FC37-47F5-B0CA-0F0030A93C3B}.Debug|Any CPU.Build.0 = Debug|Any CPU
		{5B4E6A43-FC37-47F5-B0CA-0F0030A93C3B}.Release|Any CPU.ActiveCfg = Release|Any CPU
		{5B4E6A43-FC37-47F5-B0CA-0F0030A93C3B}.Release|Any CPU.Build.0 = Release|Any CPU
	EndGlobalSection
	GlobalSection(SolutionProperties) = preSolution
		HideSolutionNode = FALSE
	EndGlobalSection
	GlobalSection(ExtensibilityGlobals) = postSolution
		SolutionGuid = {8102AB12-91BA-400D-A8AE-8B343D7AED34}
	EndGlobalSection
EndGlobal
